
Microsoft Visual Studio Solution File, Format Version 9.00
# Visual Studio 2005
Project("{F184B08F-C81C-45F6-A57F-5ABD9991F28F}") = "HelloAddIn", "HelloAddIn\HelloAddIn.vbproj", "{5686728B-4440-4996-8B07-36022F5E9D77}"
EndProject
Project("{54435603-DBB4-11D2-8724-00A0C9A8B90C}") = "HelloAddInSetup", "HelloAddInSetup\HelloAddInSetup", "{2ED0C5F1-1830-43AF-8238-AFA49E81A270}"
EndProject
Project("{F184B08F-C81C-45F6-A57F-5ABD9991F28F}") = "CustomTaskPane", "CustomTaskPane\CustomTaskPane.vbproj", "{C8030FA1-12F4-4E2E-98A8-3BCA2E53CC2B}"
EndProject
Project("{54435603-DBB4-11D2-8724-00A0C9A8B90C}") = "CustomTaskPaneSetup", "CustomTaskPaneSetup\CustomTaskPaneSetup", "{10591257-7E54-4F5D-ABE0-EE2BF4BCEA0A}"
EndProject
Global
	GlobalSection(SolutionConfigurationPlatforms) = preSolution
		Debug|Any CPU = Debug|Any CPU
		Release|Any CPU = Release|Any CPU
	EndGlobalSection
	GlobalSection(ProjectConfigurationPlatforms) = postSolution
		{5686728B-4440-4996-8B07-36022F5E9D77}.Debug|Any CPU.ActiveCfg = Debug|Any CPU
		{5686728B-4440-4996-8B07-36022F5E9D77}.Debug|Any CPU.Build.0 = Debug|Any CPU
		{5686728B-4440-4996-8B07-36022F5E9D77}.Release|Any CPU.ActiveCfg = Release|Any CPU
		{5686728B-4440-4996-8B07-36022F5E9D77}.Release|Any CPU.Build.0 = Release|Any CPU
		{2ED0C5F1-1830-43AF-8238-AFA49E81A270}.Debug|Any CPU.ActiveCfg = Debug
		{2ED0C5F1-1830-43AF-8238-AFA49E81A270}.Release|Any CPU.ActiveCfg = Release
		{C8030FA1-12F4-4E2E-98A8-3BCA2E53CC2B}.Debug|Any CPU.ActiveCfg = Debug|Any CPU
		{C8030FA1-12F4-4E2E-98A8-3BCA2E53CC2B}.Debug|Any CPU.Build.0 = Debug|Any CPU
		{C8030FA1-12F4-4E2E-98A8-3BCA2E53CC2B}.Release|Any CPU.ActiveCfg = Release|Any CPU
		{C8030FA1-12F4-4E2E-98A8-3BCA2E53CC2B}.Release|Any CPU.Build.0 = Release|Any CPU
		{10591257-7E54-4F5D-ABE0-EE2BF4BCEA0A}.Debug|Any CPU.ActiveCfg = Debug
		{10591257-7E54-4F5D-ABE0-EE2BF4BCEA0A}.Release|Any CPU.ActiveCfg = Release
	EndGlobalSection
	GlobalSection(SolutionProperties) = preSolution
		HideSolutionNode = FALSE
	EndGlobalSection
EndGlobal
