
Microsoft Visual Studio Solution File, Format Version 9.00
# Visual Studio 2005
Project("{F184B08F-C81C-45F6-A57F-5ABD9991F28F}") = "PrintOutTextElements", "PrintOutTextElements\PrintOutTextElements.vbproj", "{5A40F84C-9F96-4017-B962-E01C01C0A70C}"
EndProject
Project("{F184B08F-C81C-45F6-A57F-5ABD9991F28F}") = "CreateDocX", "CreateDocX\CreateDocX.vbproj", "{226BA0EE-54FD-4CA3-B768-DAC9039D5984}"
EndProject
Global
	GlobalSection(SolutionConfigurationPlatforms) = preSolution
		Debug|Any CPU = Debug|Any CPU
		Release|Any CPU = Release|Any CPU
	EndGlobalSection
	GlobalSection(ProjectConfigurationPlatforms) = postSolution
		{5A40F84C-9F96-4017-B962-E01C01C0A70C}.Debug|Any CPU.ActiveCfg = Debug|Any CPU
		{5A40F84C-9F96-4017-B962-E01C01C0A70C}.Debug|Any CPU.Build.0 = Debug|Any CPU
		{5A40F84C-9F96-4017-B962-E01C01C0A70C}.Release|Any CPU.ActiveCfg = Release|Any CPU
		{5A40F84C-9F96-4017-B962-E01C01C0A70C}.Release|Any CPU.Build.0 = Release|Any CPU
		{226BA0EE-54FD-4CA3-B768-DAC9039D5984}.Debug|Any CPU.ActiveCfg = Debug|Any CPU
		{226BA0EE-54FD-4CA3-B768-DAC9039D5984}.Debug|Any CPU.Build.0 = Debug|Any CPU
		{226BA0EE-54FD-4CA3-B768-DAC9039D5984}.Release|Any CPU.ActiveCfg = Release|Any CPU
		{226BA0EE-54FD-4CA3-B768-DAC9039D5984}.Release|Any CPU.Build.0 = Release|Any CPU
	EndGlobalSection
	GlobalSection(SolutionProperties) = preSolution
		HideSolutionNode = FALSE
	EndGlobalSection
EndGlobal
